// !$*UTF8*$!
{
	archiveVersion = 1;
	classes = {
	};
	objectVersion = 46;
	objects = {

/* Begin PBXBuildFile section */
		5F3BDA8E184F1D6C00D50615 /* irrViewControllerAddVolunteer.m in Sources */ = {isa = PBXBuildFile; fileRef = 5F3BDA8D184F1D6C00D50615 /* irrViewControllerAddVolunteer.m */; };
		5F3BDA93184F272D00D50615 /* icon76x76.png in Resources */ = {isa = PBXBuildFile; fileRef = 5F3BDA90184F272D00D50615 /* icon76x76.png */; };
		5F3BDA94184F272D00D50615 /* icon40x40.png in Resources */ = {isa = PBXBuildFile; fileRef = 5F3BDA91184F272D00D50615 /* icon40x40.png */; };
		5F3BDA95184F272D00D50615 /* icon29x29.png in Resources */ = {isa = PBXBuildFile; fileRef = 5F3BDA92184F272D00D50615 /* icon29x29.png */; };
		5F3BDA97184F29F300D50615 /* bgaddvolunteer.png in Resources */ = {isa = PBXBuildFile; fileRef = 5F3BDA96184F29F300D50615 /* bgaddvolunteer.png */; };
		5F3BDA99184F2D2200D50615 /* backhome.png in Resources */ = {isa = PBXBuildFile; fileRef = 5F3BDA98184F2D2200D50615 /* backhome.png */; };
		5F3BDA9B184F3FBA00D50615 /* AudioToolbox.framework in Frameworks */ = {isa = PBXBuildFile; fileRef = 5F3BDA9A184F3FBA00D50615 /* AudioToolbox.framework */; };
		5F3BDA9D184F3FC400D50615 /* CFNetwork.framework in Frameworks */ = {isa = PBXBuildFile; fileRef = 5F3BDA9C184F3FC400D50615 /* CFNetwork.framework */; };
		5F3BDA9F184F3FD800D50615 /* CoreLocation.framework in Frameworks */ = {isa = PBXBuildFile; fileRef = 5F3BDA9E184F3FD800D50615 /* CoreLocation.framework */; };
		5F3BDAA1184F3FE600D50615 /* libz.1.1.3.dylib in Frameworks */ = {isa = PBXBuildFile; fileRef = 5F3BDAA0184F3FE600D50615 /* libz.1.1.3.dylib */; };
		5F3BDAA3184F3FEF00D50615 /* MobileCoreServices.framework in Frameworks */ = {isa = PBXBuildFile; fileRef = 5F3BDAA2184F3FEF00D50615 /* MobileCoreServices.framework */; };
		5F3BDAA5184F3FF700D50615 /* QuartzCore.framework in Frameworks */ = {isa = PBXBuildFile; fileRef = 5F3BDAA4184F3FF700D50615 /* QuartzCore.framework */; };
		5F3BDAA7184F3FFF00D50615 /* Security.framework in Frameworks */ = {isa = PBXBuildFile; fileRef = 5F3BDAA6184F3FFF00D50615 /* Security.framework */; };
		5F3BDAA9184F400700D50615 /* StoreKit.framework in Frameworks */ = {isa = PBXBuildFile; fileRef = 5F3BDAA8184F400700D50615 /* StoreKit.framework */; };
		5F3BDAAB184F401200D50615 /* SystemConfiguration.framework in Frameworks */ = {isa = PBXBuildFile; fileRef = 5F3BDAAA184F401200D50615 /* SystemConfiguration.framework */; };
		5F3BDAAD184F610800D50615 /* syncupload.png in Resources */ = {isa = PBXBuildFile; fileRef = 5F3BDAAC184F610800D50615 /* syncupload.png */; };
		5FAF0C61184DBB52002DC6F1 /* Foundation.framework in Frameworks */ = {isa = PBXBuildFile; fileRef = 5FAF0C60184DBB52002DC6F1 /* Foundation.framework */; };
		5FAF0C63184DBB52002DC6F1 /* CoreGraphics.framework in Frameworks */ = {isa = PBXBuildFile; fileRef = 5FAF0C62184DBB52002DC6F1 /* CoreGraphics.framework */; };
		5FAF0C65184DBB52002DC6F1 /* UIKit.framework in Frameworks */ = {isa = PBXBuildFile; fileRef = 5FAF0C64184DBB52002DC6F1 /* UIKit.framework */; };
		5FAF0C6B184DBB52002DC6F1 /* InfoPlist.strings in Resources */ = {isa = PBXBuildFile; fileRef = 5FAF0C69184DBB52002DC6F1 /* InfoPlist.strings */; };
		5FAF0C6D184DBB52002DC6F1 /* main.m in Sources */ = {isa = PBXBuildFile; fileRef = 5FAF0C6C184DBB52002DC6F1 /* main.m */; };
		5FAF0C71184DBB52002DC6F1 /* irrAppDelegate.m in Sources */ = {isa = PBXBuildFile; fileRef = 5FAF0C70184DBB52002DC6F1 /* irrAppDelegate.m */; };
		5FAF0C74184DBB52002DC6F1 /* Main.storyboard in Resources */ = {isa = PBXBuildFile; fileRef = 5FAF0C72184DBB52002DC6F1 /* Main.storyboard */; };
		5FAF0C77184DBB52002DC6F1 /* irrViewController.m in Sources */ = {isa = PBXBuildFile; fileRef = 5FAF0C76184DBB52002DC6F1 /* irrViewController.m */; };
		5FAF0C79184DBB52002DC6F1 /* Images.xcassets in Resources */ = {isa = PBXBuildFile; fileRef = 5FAF0C78184DBB52002DC6F1 /* Images.xcassets */; };
		5FAF0C80184DBB53002DC6F1 /* XCTest.framework in Frameworks */ = {isa = PBXBuildFile; fileRef = 5FAF0C7F184DBB53002DC6F1 /* XCTest.framework */; };
		5FAF0C81184DBB53002DC6F1 /* Foundation.framework in Frameworks */ = {isa = PBXBuildFile; fileRef = 5FAF0C60184DBB52002DC6F1 /* Foundation.framework */; };
		5FAF0C82184DBB53002DC6F1 /* UIKit.framework in Frameworks */ = {isa = PBXBuildFile; fileRef = 5FAF0C64184DBB52002DC6F1 /* UIKit.framework */; };
		5FAF0C8A184DBB53002DC6F1 /* InfoPlist.strings in Resources */ = {isa = PBXBuildFile; fileRef = 5FAF0C88184DBB53002DC6F1 /* InfoPlist.strings */; };
		5FAF0C8C184DBB53002DC6F1 /* IRRTests.m in Sources */ = {isa = PBXBuildFile; fileRef = 5FAF0C8B184DBB53002DC6F1 /* IRRTests.m */; };
		5FAF0C96184DBB8F002DC6F1 /* Parse.framework in Frameworks */ = {isa = PBXBuildFile; fileRef = 5FAF0C95184DBB8F002DC6F1 /* Parse.framework */; };
		5FF6F8B2184DD3850063826A /* bg.png in Resources */ = {isa = PBXBuildFile; fileRef = 5FF6F8B1184DD3850063826A /* bg.png */; };
		5FF6F8B6184DD7830063826A /* addvolunteer.png in Resources */ = {isa = PBXBuildFile; fileRef = 5FF6F8B5184DD7830063826A /* addvolunteer.png */; };
		5FF6F8B8184DD8870063826A /* addincident.png in Resources */ = {isa = PBXBuildFile; fileRef = 5FF6F8B7184DD8870063826A /* addincident.png */; };
		5FF6F8BA184DD9110063826A /* addresponse.png in Resources */ = {isa = PBXBuildFile; fileRef = 5FF6F8B9184DD9110063826A /* addresponse.png */; };
		5FF6F8BE184DE4C90063826A /* help.png in Resources */ = {isa = PBXBuildFile; fileRef = 5FF6F8BD184DE4C90063826A /* help.png */; };
/* End PBXBuildFile section */

/* Begin PBXContainerItemProxy section */
		5FAF0C83184DBB53002DC6F1 /* PBXContainerItemProxy */ = {
			isa = PBXContainerItemProxy;
			containerPortal = 5FAF0C55184DBB52002DC6F1 /* Project object */;
			proxyType = 1;
			remoteGlobalIDString = 5FAF0C5C184DBB52002DC6F1;
			remoteInfo = IRR;
		};
/* End PBXContainerItemProxy section */

/* Begin PBXFileReference section */
		5F3BDA8C184F1D6C00D50615 /* irrViewControllerAddVolunteer.h */ = {isa = PBXFileReference; fileEncoding = 4; lastKnownFileType = sourcecode.c.h; path = irrViewControllerAddVolunteer.h; sourceTree = "<group>"; };
		5F3BDA8D184F1D6C00D50615 /* irrViewControllerAddVolunteer.m */ = {isa = PBXFileReference; fileEncoding = 4; lastKnownFileType = sourcecode.c.objc; path = irrViewControllerAddVolunteer.m; sourceTree = "<group>"; };
		5F3BDA8F184F256A00D50615 /* icon.png */ = {isa = PBXFileReference; lastKnownFileType = image.png; path = icon.png; sourceTree = "<group>"; };
		5F3BDA90184F272D00D50615 /* icon76x76.png */ = {isa = PBXFileReference; lastKnownFileType = image.png; path = icon76x76.png; sourceTree = "<group>"; };
		5F3BDA91184F272D00D50615 /* icon40x40.png */ = {isa = PBXFileReference; lastKnownFileType = image.png; path = icon40x40.png; sourceTree = "<group>"; };
		5F3BDA92184F272D00D50615 /* icon29x29.png */ = {isa = PBXFileReference; lastKnownFileType = image.png; path = icon29x29.png; sourceTree = "<group>"; };
		5F3BDA96184F29F300D50615 /* bgaddvolunteer.png */ = {isa = PBXFileReference; lastKnownFileType = image.png; path = bgaddvolunteer.png; sourceTree = "<group>"; };
		5F3BDA98184F2D2200D50615 /* backhome.png */ = {isa = PBXFileReference; lastKnownFileType = image.png; path = backhome.png; sourceTree = "<group>"; };
		5F3BDA9A184F3FBA00D50615 /* AudioToolbox.framework */ = {isa = PBXFileReference; lastKnownFileType = wrapper.framework; name = AudioToolbox.framework; path = System/Library/Frameworks/AudioToolbox.framework; sourceTree = SDKROOT; };
		5F3BDA9C184F3FC400D50615 /* CFNetwork.framework */ = {isa = PBXFileReference; lastKnownFileType = wrapper.framework; name = CFNetwork.framework; path = System/Library/Frameworks/CFNetwork.framework; sourceTree = SDKROOT; };
		5F3BDA9E184F3FD800D50615 /* CoreLocation.framework */ = {isa = PBXFileReference; lastKnownFileType = wrapper.framework; name = CoreLocation.framework; path = System/Library/Frameworks/CoreLocation.framework; sourceTree = SDKROOT; };
		5F3BDAA0184F3FE600D50615 /* libz.1.1.3.dylib */ = {isa = PBXFileReference; lastKnownFileType = "compiled.mach-o.dylib"; name = libz.1.1.3.dylib; path = usr/lib/libz.1.1.3.dylib; sourceTree = SDKROOT; };
		5F3BDAA2184F3FEF00D50615 /* MobileCoreServices.framework */ = {isa = PBXFileReference; lastKnownFileType = wrapper.framework; name = MobileCoreServices.framework; path = System/Library/Frameworks/MobileCoreServices.framework; sourceTree = SDKROOT; };
		5F3BDAA4184F3FF700D50615 /* QuartzCore.framework */ = {isa = PBXFileReference; lastKnownFileType = wrapper.framework; name = QuartzCore.framework; path = System/Library/Frameworks/QuartzCore.framework; sourceTree = SDKROOT; };
		5F3BDAA6184F3FFF00D50615 /* Security.framework */ = {isa = PBXFileReference; lastKnownFileType = wrapper.framework; name = Security.framework; path = System/Library/Frameworks/Security.framework; sourceTree = SDKROOT; };
		5F3BDAA8184F400700D50615 /* StoreKit.framework */ = {isa = PBXFileReference; lastKnownFileType = wrapper.framework; name = StoreKit.framework; path = System/Library/Frameworks/StoreKit.framework; sourceTree = SDKROOT; };
		5F3BDAAA184F401200D50615 /* SystemConfiguration.framework */ = {isa = PBXFileReference; lastKnownFileType = wrapper.framework; name = SystemConfiguration.framework; path = System/Library/Frameworks/SystemConfiguration.framework; sourceTree = SDKROOT; };
		5F3BDAAC184F610800D50615 /* syncupload.png */ = {isa = PBXFileReference; lastKnownFileType = image.png; name = syncupload.png; path = ../../Images/syncupload.png; sourceTree = "<group>"; };
		5FAF0C5D184DBB52002DC6F1 /* IRR.app */ = {isa = PBXFileReference; explicitFileType = wrapper.application; includeInIndex = 0; path = IRR.app; sourceTree = BUILT_PRODUCTS_DIR; };
		5FAF0C60184DBB52002DC6F1 /* Foundation.framework */ = {isa = PBXFileReference; lastKnownFileType = wrapper.framework; name = Foundation.framework; path = System/Library/Frameworks/Foundation.framework; sourceTree = SDKROOT; };
		5FAF0C62184DBB52002DC6F1 /* CoreGraphics.framework */ = {isa = PBXFileReference; lastKnownFileType = wrapper.framework; name = CoreGraphics.framework; path = System/Library/Frameworks/CoreGraphics.framework; sourceTree = SDKROOT; };
		5FAF0C64184DBB52002DC6F1 /* UIKit.framework */ = {isa = PBXFileReference; lastKnownFileType = wrapper.framework; name = UIKit.framework; path = System/Library/Frameworks/UIKit.framework; sourceTree = SDKROOT; };
		5FAF0C68184DBB52002DC6F1 /* IRR-Info.plist */ = {isa = PBXFileReference; lastKnownFileType = text.plist.xml; path = "IRR-Info.plist"; sourceTree = "<group>"; };
		5FAF0C6A184DBB52002DC6F1 /* en */ = {isa = PBXFileReference; lastKnownFileType = text.plist.strings; name = en; path = en.lproj/InfoPlist.strings; sourceTree = "<group>"; };
		5FAF0C6C184DBB52002DC6F1 /* main.m */ = {isa = PBXFileReference; lastKnownFileType = sourcecode.c.objc; path = main.m; sourceTree = "<group>"; };
		5FAF0C6E184DBB52002DC6F1 /* IRR-Prefix.pch */ = {isa = PBXFileReference; lastKnownFileType = sourcecode.c.h; path = "IRR-Prefix.pch"; sourceTree = "<group>"; };
		5FAF0C6F184DBB52002DC6F1 /* irrAppDelegate.h */ = {isa = PBXFileReference; lastKnownFileType = sourcecode.c.h; path = irrAppDelegate.h; sourceTree = "<group>"; };
		5FAF0C70184DBB52002DC6F1 /* irrAppDelegate.m */ = {isa = PBXFileReference; lastKnownFileType = sourcecode.c.objc; path = irrAppDelegate.m; sourceTree = "<group>"; };
		5FAF0C73184DBB52002DC6F1 /* Base */ = {isa = PBXFileReference; lastKnownFileType = file.storyboard; name = Base; path = Base.lproj/Main.storyboard; sourceTree = "<group>"; };
		5FAF0C75184DBB52002DC6F1 /* irrViewController.h */ = {isa = PBXFileReference; lastKnownFileType = sourcecode.c.h; path = irrViewController.h; sourceTree = "<group>"; };
		5FAF0C76184DBB52002DC6F1 /* irrViewController.m */ = {isa = PBXFileReference; lastKnownFileType = sourcecode.c.objc; path = irrViewController.m; sourceTree = "<group>"; };
		5FAF0C78184DBB52002DC6F1 /* Images.xcassets */ = {isa = PBXFileReference; lastKnownFileType = folder.assetcatalog; path = Images.xcassets; sourceTree = "<group>"; };
		5FAF0C7E184DBB53002DC6F1 /* IRRTests.xctest */ = {isa = PBXFileReference; explicitFileType = wrapper.cfbundle; includeInIndex = 0; path = IRRTests.xctest; sourceTree = BUILT_PRODUCTS_DIR; };
		5FAF0C7F184DBB53002DC6F1 /* XCTest.framework */ = {isa = PBXFileReference; lastKnownFileType = wrapper.framework; name = XCTest.framework; path = Library/Frameworks/XCTest.framework; sourceTree = DEVELOPER_DIR; };
		5FAF0C87184DBB53002DC6F1 /* IRRTests-Info.plist */ = {isa = PBXFileReference; lastKnownFileType = text.plist.xml; path = "IRRTests-Info.plist"; sourceTree = "<group>"; };
		5FAF0C89184DBB53002DC6F1 /* en */ = {isa = PBXFileReference; lastKnownFileType = text.plist.strings; name = en; path = en.lproj/InfoPlist.strings; sourceTree = "<group>"; };
		5FAF0C8B184DBB53002DC6F1 /* IRRTests.m */ = {isa = PBXFileReference; lastKnownFileType = sourcecode.c.objc; path = IRRTests.m; sourceTree = "<group>"; };
		5FAF0C95184DBB8F002DC6F1 /* Parse.framework */ = {isa = PBXFileReference; lastKnownFileType = wrapper.framework; path = Parse.framework; sourceTree = "<group>"; };
		5FF6F8B1184DD3850063826A /* bg.png */ = {isa = PBXFileReference; lastKnownFileType = image.png; path = bg.png; sourceTree = "<group>"; };
		5FF6F8B5184DD7830063826A /* addvolunteer.png */ = {isa = PBXFileReference; lastKnownFileType = image.png; path = addvolunteer.png; sourceTree = "<group>"; };
		5FF6F8B7184DD8870063826A /* addincident.png */ = {isa = PBXFileReference; lastKnownFileType = image.png; path = addincident.png; sourceTree = "<group>"; };
		5FF6F8B9184DD9110063826A /* addresponse.png */ = {isa = PBXFileReference; lastKnownFileType = image.png; path = addresponse.png; sourceTree = "<group>"; };
		5FF6F8BD184DE4C90063826A /* help.png */ = {isa = PBXFileReference; lastKnownFileType = image.png; path = help.png; sourceTree = "<group>"; };
/* End PBXFileReference section */

/* Begin PBXFrameworksBuildPhase section */
		5FAF0C5A184DBB52002DC6F1 /* Frameworks */ = {
			isa = PBXFrameworksBuildPhase;
			buildActionMask = 2147483647;
			files = (
				5F3BDAAB184F401200D50615 /* SystemConfiguration.framework in Frameworks */,
				5F3BDAA9184F400700D50615 /* StoreKit.framework in Frameworks */,
				5F3BDAA7184F3FFF00D50615 /* Security.framework in Frameworks */,
				5F3BDAA5184F3FF700D50615 /* QuartzCore.framework in Frameworks */,
				5F3BDAA3184F3FEF00D50615 /* MobileCoreServices.framework in Frameworks */,
				5F3BDAA1184F3FE600D50615 /* libz.1.1.3.dylib in Frameworks */,
				5F3BDA9F184F3FD800D50615 /* CoreLocation.framework in Frameworks */,
				5FAF0C63184DBB52002DC6F1 /* CoreGraphics.framework in Frameworks */,
				5F3BDA9D184F3FC400D50615 /* CFNetwork.framework in Frameworks */,
				5F3BDA9B184F3FBA00D50615 /* AudioToolbox.framework in Frameworks */,
				5FAF0C65184DBB52002DC6F1 /* UIKit.framework in Frameworks */,
				5FAF0C96184DBB8F002DC6F1 /* Parse.framework in Frameworks */,
				5FAF0C61184DBB52002DC6F1 /* Foundation.framework in Frameworks */,
			);
			runOnlyForDeploymentPostprocessing = 0;
		};
		5FAF0C7B184DBB53002DC6F1 /* Frameworks */ = {
			isa = PBXFrameworksBuildPhase;
			buildActionMask = 2147483647;
			files = (
				5FAF0C80184DBB53002DC6F1 /* XCTest.framework in Frameworks */,
				5FAF0C82184DBB53002DC6F1 /* UIKit.framework in Frameworks */,
				5FAF0C81184DBB53002DC6F1 /* Foundation.framework in Frameworks */,
			);
			runOnlyForDeploymentPostprocessing = 0;
		};
/* End PBXFrameworksBuildPhase section */

/* Begin PBXGroup section */
		5FAF0C54184DBB52002DC6F1 = {
			isa = PBXGroup;
			children = (
				5FAF0C95184DBB8F002DC6F1 /* Parse.framework */,
				5FAF0C66184DBB52002DC6F1 /* IRR */,
				5FAF0C85184DBB53002DC6F1 /* IRRTests */,
				5FAF0C5F184DBB52002DC6F1 /* Frameworks */,
				5FAF0C5E184DBB52002DC6F1 /* Products */,
			);
			sourceTree = "<group>";
		};
		5FAF0C5E184DBB52002DC6F1 /* Products */ = {
			isa = PBXGroup;
			children = (
				5FAF0C5D184DBB52002DC6F1 /* IRR.app */,
				5FAF0C7E184DBB53002DC6F1 /* IRRTests.xctest */,
			);
			name = Products;
			sourceTree = "<group>";
		};
		5FAF0C5F184DBB52002DC6F1 /* Frameworks */ = {
			isa = PBXGroup;
			children = (
				5F3BDAAA184F401200D50615 /* SystemConfiguration.framework */,
				5F3BDAA8184F400700D50615 /* StoreKit.framework */,
				5F3BDAA6184F3FFF00D50615 /* Security.framework */,
				5F3BDAA4184F3FF700D50615 /* QuartzCore.framework */,
				5F3BDAA2184F3FEF00D50615 /* MobileCoreServices.framework */,
				5F3BDAA0184F3FE600D50615 /* libz.1.1.3.dylib */,
				5F3BDA9E184F3FD800D50615 /* CoreLocation.framework */,
				5F3BDA9C184F3FC400D50615 /* CFNetwork.framework */,
				5F3BDA9A184F3FBA00D50615 /* AudioToolbox.framework */,
				5FAF0C60184DBB52002DC6F1 /* Foundation.framework */,
				5FAF0C62184DBB52002DC6F1 /* CoreGraphics.framework */,
				5FAF0C64184DBB52002DC6F1 /* UIKit.framework */,
				5FAF0C7F184DBB53002DC6F1 /* XCTest.framework */,
			);
			name = Frameworks;
			sourceTree = "<group>";
		};
		5FAF0C66184DBB52002DC6F1 /* IRR */ = {
			isa = PBXGroup;
			children = (
				5F3BDA96184F29F300D50615 /* bgaddvolunteer.png */,
				5F3BDA90184F272D00D50615 /* icon76x76.png */,
				5F3BDA91184F272D00D50615 /* icon40x40.png */,
				5F3BDA92184F272D00D50615 /* icon29x29.png */,
				5F3BDA8F184F256A00D50615 /* icon.png */,
				5F3BDA98184F2D2200D50615 /* backhome.png */,
				5FF6F8B1184DD3850063826A /* bg.png */,
				5FF6F8B5184DD7830063826A /* addvolunteer.png */,
				5FF6F8B9184DD9110063826A /* addresponse.png */,
				5FF6F8B7184DD8870063826A /* addincident.png */,
				5FF6F8BD184DE4C90063826A /* help.png */,
				5FAF0C6F184DBB52002DC6F1 /* irrAppDelegate.h */,
				5FAF0C70184DBB52002DC6F1 /* irrAppDelegate.m */,
				5F3BDAAC184F610800D50615 /* syncupload.png */,
				5FAF0C72184DBB52002DC6F1 /* Main.storyboard */,
				5F3BDA8C184F1D6C00D50615 /* irrViewControllerAddVolunteer.h */,
				5F3BDA8D184F1D6C00D50615 /* irrViewControllerAddVolunteer.m */,
				5FAF0C75184DBB52002DC6F1 /* irrViewController.h */,
				5FAF0C76184DBB52002DC6F1 /* irrViewController.m */,
				5FAF0C78184DBB52002DC6F1 /* Images.xcassets */,
				5FAF0C67184DBB52002DC6F1 /* Supporting Files */,
			);
			path = IRR;
			sourceTree = "<group>";
		};
		5FAF0C67184DBB52002DC6F1 /* Supporting Files */ = {
			isa = PBXGroup;
			children = (
				5FAF0C68184DBB52002DC6F1 /* IRR-Info.plist */,
				5FAF0C69184DBB52002DC6F1 /* InfoPlist.strings */,
				5FAF0C6C184DBB52002DC6F1 /* main.m */,
				5FAF0C6E184DBB52002DC6F1 /* IRR-Prefix.pch */,
			);
			name = "Supporting Files";
			sourceTree = "<group>";
		};
		5FAF0C85184DBB53002DC6F1 /* IRRTests */ = {
			isa = PBXGroup;
			children = (
				5FAF0C8B184DBB53002DC6F1 /* IRRTests.m */,
				5FAF0C86184DBB53002DC6F1 /* Supporting Files */,
			);
			path = IRRTests;
			sourceTree = "<group>";
		};
		5FAF0C86184DBB53002DC6F1 /* Supporting Files */ = {
			isa = PBXGroup;
			children = (
				5FAF0C87184DBB53002DC6F1 /* IRRTests-Info.plist */,
				5FAF0C88184DBB53002DC6F1 /* InfoPlist.strings */,
			);
			name = "Supporting Files";
			sourceTree = "<group>";
		};
/* End PBXGroup section */

/* Begin PBXNativeTarget section */
		5FAF0C5C184DBB52002DC6F1 /* IRR */ = {
			isa = PBXNativeTarget;
			buildConfigurationList = 5FAF0C8F184DBB53002DC6F1 /* Build configuration list for PBXNativeTarget "IRR" */;
			buildPhases = (
				5FAF0C59184DBB52002DC6F1 /* Sources */,
				5FAF0C5A184DBB52002DC6F1 /* Frameworks */,
				5FAF0C5B184DBB52002DC6F1 /* Resources */,
			);
			buildRules = (
			);
			dependencies = (
			);
			name = IRR;
			productName = IRR;
			productReference = 5FAF0C5D184DBB52002DC6F1 /* IRR.app */;
			productType = "com.apple.product-type.application";
		};
		5FAF0C7D184DBB53002DC6F1 /* IRRTests */ = {
			isa = PBXNativeTarget;
			buildConfigurationList = 5FAF0C92184DBB53002DC6F1 /* Build configuration list for PBXNativeTarget "IRRTests" */;
			buildPhases = (
				5FAF0C7A184DBB53002DC6F1 /* Sources */,
				5FAF0C7B184DBB53002DC6F1 /* Frameworks */,
				5FAF0C7C184DBB53002DC6F1 /* Resources */,
			);
			buildRules = (
			);
			dependencies = (
				5FAF0C84184DBB53002DC6F1 /* PBXTargetDependency */,
			);
			name = IRRTests;
			productName = IRRTests;
			productReference = 5FAF0C7E184DBB53002DC6F1 /* IRRTests.xctest */;
			productType = "com.apple.product-type.bundle.unit-test";
		};
/* End PBXNativeTarget section */

/* Begin PBXProject section */
		5FAF0C55184DBB52002DC6F1 /* Project object */ = {
			isa = PBXProject;
			attributes = {
				CLASSPREFIX = irr;
				LastUpgradeCheck = 0500;
				ORGANIZATIONNAME = philcoders;
				TargetAttributes = {
					5FAF0C7D184DBB53002DC6F1 = {
						TestTargetID = 5FAF0C5C184DBB52002DC6F1;
					};
				};
			};
			buildConfigurationList = 5FAF0C58184DBB52002DC6F1 /* Build configuration list for PBXProject "IRR" */;
			compatibilityVersion = "Xcode 3.2";
			developmentRegion = English;
			hasScannedForEncodings = 0;
			knownRegions = (
				en,
				Base,
			);
			mainGroup = 5FAF0C54184DBB52002DC6F1;
			productRefGroup = 5FAF0C5E184DBB52002DC6F1 /* Products */;
			projectDirPath = "";
			projectRoot = "";
			targets = (
				5FAF0C5C184DBB52002DC6F1 /* IRR */,
				5FAF0C7D184DBB53002DC6F1 /* IRRTests */,
			);
		};
/* End PBXProject section */

/* Begin PBXResourcesBuildPhase section */
		5FAF0C5B184DBB52002DC6F1 /* Resources */ = {
			isa = PBXResourcesBuildPhase;
			buildActionMask = 2147483647;
			files = (
				5FAF0C79184DBB52002DC6F1 /* Images.xcassets in Resources */,
				5F3BDA93184F272D00D50615 /* icon76x76.png in Resources */,
				5FAF0C6B184DBB52002DC6F1 /* InfoPlist.strings in Resources */,
				5FF6F8B6184DD7830063826A /* addvolunteer.png in Resources */,
				5F3BDA99184F2D2200D50615 /* backhome.png in Resources */,
				5FF6F8B8184DD8870063826A /* addincident.png in Resources */,
				5F3BDA94184F272D00D50615 /* icon40x40.png in Resources */,
				5F3BDAAD184F610800D50615 /* syncupload.png in Resources */,
				5FF6F8BE184DE4C90063826A /* help.png in Resources */,
				5FF6F8BA184DD9110063826A /* addresponse.png in Resources */,
				5FF6F8B2184DD3850063826A /* bg.png in Resources */,
				5F3BDA95184F272D00D50615 /* icon29x29.png in Resources */,
				5FAF0C74184DBB52002DC6F1 /* Main.storyboard in Resources */,
				5F3BDA97184F29F300D50615 /* bgaddvolunteer.png in Resources */,
			);
			runOnlyForDeploymentPostprocessing = 0;
		};
		5FAF0C7C184DBB53002DC6F1 /* Resources */ = {
			isa = PBXResourcesBuildPhase;
			buildActionMask = 2147483647;
			files = (
				5FAF0C8A184DBB53002DC6F1 /* InfoPlist.strings in Resources */,
			);
			runOnlyForDeploymentPostprocessing = 0;
		};
/* End PBXResourcesBuildPhase section */

/* Begin PBXSourcesBuildPhase section */
		5FAF0C59184DBB52002DC6F1 /* Sources */ = {
			isa = PBXSourcesBuildPhase;
			buildActionMask = 2147483647;
			files = (
				5FAF0C71184DBB52002DC6F1 /* irrAppDelegate.m in Sources */,
				5FAF0C77184DBB52002DC6F1 /* irrViewController.m in Sources */,
				5FAF0C6D184DBB52002DC6F1 /* main.m in Sources */,
				5F3BDA8E184F1D6C00D50615 /* irrViewControllerAddVolunteer.m in Sources */,
			);
			runOnlyForDeploymentPostprocessing = 0;
		};
		5FAF0C7A184DBB53002DC6F1 /* Sources */ = {
			isa = PBXSourcesBuildPhase;
			buildActionMask = 2147483647;
			files = (
				5FAF0C8C184DBB53002DC6F1 /* IRRTests.m in Sources */,
			);
			runOnlyForDeploymentPostprocessing = 0;
		};
/* End PBXSourcesBuildPhase section */

/* Begin PBXTargetDependency section */
		5FAF0C84184DBB53002DC6F1 /* PBXTargetDependency */ = {
			isa = PBXTargetDependency;
			target = 5FAF0C5C184DBB52002DC6F1 /* IRR */;
			targetProxy = 5FAF0C83184DBB53002DC6F1 /* PBXContainerItemProxy */;
		};
/* End PBXTargetDependency section */

/* Begin PBXVariantGroup section */
		5FAF0C69184DBB52002DC6F1 /* InfoPlist.strings */ = {
			isa = PBXVariantGroup;
			children = (
				5FAF0C6A184DBB52002DC6F1 /* en */,
			);
			name = InfoPlist.strings;
			sourceTree = "<group>";
		};
		5FAF0C72184DBB52002DC6F1 /* Main.storyboard */ = {
			isa = PBXVariantGroup;
			children = (
				5FAF0C73184DBB52002DC6F1 /* Base */,
			);
			name = Main.storyboard;
			sourceTree = "<group>";
		};
		5FAF0C88184DBB53002DC6F1 /* InfoPlist.strings */ = {
			isa = PBXVariantGroup;
			children = (
				5FAF0C89184DBB53002DC6F1 /* en */,
			);
			name = InfoPlist.strings;
			sourceTree = "<group>";
		};
/* End PBXVariantGroup section */

/* Begin XCBuildConfiguration section */
		5FAF0C8D184DBB53002DC6F1 /* Debug */ = {
			isa = XCBuildConfiguration;
			buildSettings = {
				ALWAYS_SEARCH_USER_PATHS = NO;
				CLANG_CXX_LANGUAGE_STANDARD = "gnu++0x";
				CLANG_CXX_LIBRARY = "libc++";
				CLANG_ENABLE_MODULES = YES;
				CLANG_ENABLE_OBJC_ARC = YES;
				CLANG_WARN_BOOL_CONVERSION = YES;
				CLANG_WARN_CONSTANT_CONVERSION = YES;
				CLANG_WARN_DIRECT_OBJC_ISA_USAGE = YES_ERROR;
				CLANG_WARN_EMPTY_BODY = YES;
				CLANG_WARN_ENUM_CONVERSION = YES;
				CLANG_WARN_INT_CONVERSION = YES;
				CLANG_WARN_OBJC_ROOT_CLASS = YES_ERROR;
				CLANG_WARN__DUPLICATE_METHOD_MATCH = YES;
				"CODE_SIGN_IDENTITY[sdk=iphoneos*]" = "iPhone Developer";
				COPY_PHASE_STRIP = NO;
				GCC_C_LANGUAGE_STANDARD = gnu99;
				GCC_DYNAMIC_NO_PIC = NO;
				GCC_OPTIMIZATION_LEVEL = 0;
				GCC_PREPROCESSOR_DEFINITIONS = (
					"DEBUG=1",
					"$(inherited)",
				);
				GCC_SYMBOLS_PRIVATE_EXTERN = NO;
				GCC_WARN_ABOUT_RETURN_TYPE = YES_ERROR;
				GCC_WARN_UNDECLARED_SELECTOR = YES;
				GCC_WARN_UNINITIALIZED_AUTOS = YES;
				GCC_WARN_UNUSED_FUNCTION = YES;
				GCC_WARN_UNUSED_VARIABLE = YES;
				IPHONEOS_DEPLOYMENT_TARGET = 7.0;
				ONLY_ACTIVE_ARCH = YES;
				SDKROOT = iphoneos;
				TARGETED_DEVICE_FAMILY = 2;
			};
			name = Debug;
		};
		5FAF0C8E184DBB53002DC6F1 /* Release */ = {
			isa = XCBuildConfiguration;
			buildSettings = {
				ALWAYS_SEARCH_USER_PATHS = NO;
				CLANG_CXX_LANGUAGE_STANDARD = "gnu++0x";
				CLANG_CXX_LIBRARY = "libc++";
				CLANG_ENABLE_MODULES = YES;
				CLANG_ENABLE_OBJC_ARC = YES;
				CLANG_WARN_BOOL_CONVERSION = YES;
				CLANG_WARN_CONSTANT_CONVERSION = YES;
				CLANG_WARN_DIRECT_OBJC_ISA_USAGE = YES_ERROR;
				CLANG_WARN_EMPTY_BODY = YES;
				CLANG_WARN_ENUM_CONVERSION = YES;
				CLANG_WARN_INT_CONVERSION = YES;
				CLANG_WARN_OBJC_ROOT_CLASS = YES_ERROR;
				CLANG_WARN__DUPLICATE_METHOD_MATCH = YES;
				"CODE_SIGN_IDENTITY[sdk=iphoneos*]" = "iPhone Developer";
				COPY_PHASE_STRIP = YES;
				ENABLE_NS_ASSERTIONS = NO;
				GCC_C_LANGUAGE_STANDARD = gnu99;
				GCC_WARN_ABOUT_RETURN_TYPE = YES_ERROR;
				GCC_WARN_UNDECLARED_SELECTOR = YES;
				GCC_WARN_UNINITIALIZED_AUTOS = YES;
				GCC_WARN_UNUSED_FUNCTION = YES;
				GCC_WARN_UNUSED_VARIABLE = YES;
				IPHONEOS_DEPLOYMENT_TARGET = 7.0;
				SDKROOT = iphoneos;
				TARGETED_DEVICE_FAMILY = 2;
				VALIDATE_PRODUCT = YES;
			};
			name = Release;
		};
		5FAF0C90184DBB53002DC6F1 /* Debug */ = {
			isa = XCBuildConfiguration;
			buildSettings = {
				ASSETCATALOG_COMPILER_APPICON_NAME = AppIcon;
				ASSETCATALOG_COMPILER_LAUNCHIMAGE_NAME = LaunchImage;
				FRAMEWORK_SEARCH_PATHS = (
					"$(inherited)",
					"/Users/arthurabogadil/Documents/_serdefa/_Serdefa\\ Clients\\ Proper/Billy\\ G.\\ -\\ IOS\\ Data/Demo/IRR",
				);
				GCC_PRECOMPILE_PREFIX_HEADER = YES;
				GCC_PREFIX_HEADER = "IRR/IRR-Prefix.pch";
				INFOPLIST_FILE = "IRR/IRR-Info.plist";
				PRODUCT_NAME = "$(TARGET_NAME)";
				WRAPPER_EXTENSION = app;
			};
			name = Debug;
		};
		5FAF0C91184DBB53002DC6F1 /* Release */ = {
			isa = XCBuildConfiguration;
			buildSettings = {
				ASSETCATALOG_COMPILER_APPICON_NAME = AppIcon;
				ASSETCATALOG_COMPILER_LAUNCHIMAGE_NAME = LaunchImage;
				FRAMEWORK_SEARCH_PATHS = (
					"$(inherited)",
					"/Users/arthurabogadil/Documents/_serdefa/_Serdefa\\ Clients\\ Proper/Billy\\ G.\\ -\\ IOS\\ Data/Demo/IRR",
				);
				GCC_PRECOMPILE_PREFIX_HEADER = YES;
				GCC_PREFIX_HEADER = "IRR/IRR-Prefix.pch";
				INFOPLIST_FILE = "IRR/IRR-Info.plist";
				PRODUCT_NAME = "$(TARGET_NAME)";
				WRAPPER_EXTENSION = app;
			};
			name = Release;
		};
		5FAF0C93184DBB53002DC6F1 /* Debug */ = {
			isa = XCBuildConfiguration;
			buildSettings = {
				BUNDLE_LOADER = "$(BUILT_PRODUCTS_DIR)/IRR.app/IRR";
				FRAMEWORK_SEARCH_PATHS = (
					"$(SDKROOT)/Developer/Library/Frameworks",
					"$(inherited)",
					"$(DEVELOPER_FRAMEWORKS_DIR)",
				);
				GCC_PRECOMPILE_PREFIX_HEADER = YES;
				GCC_PREFIX_HEADER = "IRR/IRR-Prefix.pch";
				GCC_PREPROCESSOR_DEFINITIONS = (
					"DEBUG=1",
					"$(inherited)",
				);
				INFOPLIST_FILE = "IRRTests/IRRTests-Info.plist";
				PRODUCT_NAME = "$(TARGET_NAME)";
				TEST_HOST = "$(BUNDLE_LOADER)";
				WRAPPER_EXTENSION = xctest;
			};
			name = Debug;
		};
		5FAF0C94184DBB53002DC6F1 /* Release */ = {
			isa = XCBuildConfiguration;
			buildSettings = {
				BUNDLE_LOADER = "$(BUILT_PRODUCTS_DIR)/IRR.app/IRR";
				FRAMEWORK_SEARCH_PATHS = (
					"$(SDKROOT)/Developer/Library/Frameworks",
					"$(inherited)",
					"$(DEVELOPER_FRAMEWORKS_DIR)",
				);
				GCC_PRECOMPILE_PREFIX_HEADER = YES;
				GCC_PREFIX_HEADER = "IRR/IRR-Prefix.pch";
				INFOPLIST_FILE = "IRRTests/IRRTests-Info.plist";
				PRODUCT_NAME = "$(TARGET_NAME)";
				TEST_HOST = "$(BUNDLE_LOADER)";
				WRAPPER_EXTENSION = xctest;
			};
			name = Release;
		};
/* End XCBuildConfiguration section */

/* Begin XCConfigurationList section */
		5FAF0C58184DBB52002DC6F1 /* Build configuration list for PBXProject "IRR" */ = {
			isa = XCConfigurationList;
			buildConfigurations = (
				5FAF0C8D184DBB53002DC6F1 /* Debug */,
				5FAF0C8E184DBB53002DC6F1 /* Release */,
			);
			defaultConfigurationIsVisible = 0;
			defaultConfigurationName = Release;
		};
		5FAF0C8F184DBB53002DC6F1 /* Build configuration list for PBXNativeTarget "IRR" */ = {
			isa = XCConfigurationList;
			buildConfigurations = (
				5FAF0C90184DBB53002DC6F1 /* Debug */,
				5FAF0C91184DBB53002DC6F1 /* Release */,
			);
			defaultConfigurationIsVisible = 0;
			defaultConfigurationName = Release;
		};
		5FAF0C92184DBB53002DC6F1 /* Build configuration list for PBXNativeTarget "IRRTests" */ = {
			isa = XCConfigurationList;
			buildConfigurations = (
				5FAF0C93184DBB53002DC6F1 /* Debug */,
				5FAF0C94184DBB53002DC6F1 /* Release */,
			);
			defaultConfigurationIsVisible = 0;
			defaultConfigurationName = Release;
		};
/* End XCConfigurationList section */
	};
	rootObject = 5FAF0C55184DBB52002DC6F1 /* Project object */;
}
